lockVersion: 2.0.0
id: e23e615d-606f-4a8a-be5c-14a88bf5d178
management:
  docChecksum: a37d0a0a2f3f0b8054cb417e9e92ba17
  docVersion: 0.1.0
  speakeasyVersion: 1.788.1
  generationVersion: 2.915.1
  releaseVersion: 0.0.12
  configChecksum: 0797b752469b8671c7c3cb19ce026385
  repoURL: https://github.com/dalmia/calibrate-cli
  installationURL: https://github.com/dalmia/calibrate-cli
persistentEdits:
  generation_id: 8d3ac347-1bb2-429e-8b7d-0c401feb9833
  pristine_commit_hash: 24f6b241ff85d7f4b5c8ceda704b07105f634243
  pristine_tree_hash: efd6e9d8b00acd7322f8fb527ed8631e6571b804
features:
  cli:
    constsAndDefaults: 0.0.0
    core: 0.2.14
    globalSecurity: 0.0.1
    globalServerURLs: 0.0.0
    groups: 0.1.0
    nameOverrides: 0.0.0
    responseFormat: 0.1.1
    unions: 0.0.1
trackedFiles:
  .gitattributes:
    id: 24139dae6567
    last_write_checksum: sha1:84b0115789fc3ea52e31df701d8a27f76077e29f
    pristine_git_object: e6a994416d0f527912d2d272e2583458f4fc9bcb
  .github/workflows/release.yaml:
    id: 3679a1429145
    last_write_checksum: sha1:7dea22ed5977a90b16d0c3e4a6df372ca25e5f9b
    pristine_git_object: 7024dcd6d4b44c248a379a82d7165d31725d1f2c
  .goreleaser.yaml:
    id: 3c333d227063
    last_write_checksum: sha1:5ffa594725ef81737f0ea5427849a2f9335c87e0
    pristine_git_object: f7b46be1d40783e30f3fe0d73a2e1e912971e9b1
  USAGE.md:
    id: 3aed33ce6e6f
    last_write_checksum: sha1:344aba294e7bb7fe4de04bad9c161be410bcbd89
    pristine_git_object: 47b27a7728205f111cc5f33ad78ad602fcd432c1
  cmd/calibrate/main.go:
    id: 9a9ad26cd3f7
    last_write_checksum: sha1:5236e71a86a72e6dcad148d37c925379974cbd9d
    pristine_git_object: a53487dedbfb50cb4253403e5aead9da5c232d34
  cmd/gendocs/main.go:
    id: 20d9382a7dff
    last_write_checksum: sha1:6b3f83bfbe1b080f716e330600fcae18aa37fd36
    pristine_git_object: 96103a710155c4ea7e98525dd5e1a84e04bf8e92
  go.mod:
    id: c47645c391ad
    last_write_checksum: sha1:b870421fa4615059159a44a03c11b7fc85ab211d
    pristine_git_object: ef5481dc92cad85191756ff56d40d156c3c6107e
  internal/cli/agents/create.go:
    id: eed6b5cd5eea
    last_write_checksum: sha1:cf0046696c74a1c07ef59c7d78a003d91a65b779
    pristine_git_object: 08e34e4f354ac307cfc91c341d22d7391f72b782
  internal/cli/agents/get.go:
    id: fcc0d65f7b94
    last_write_checksum: sha1:4c2fb9b9fb35f2d686ecfb1a8e8721d136e03420
    pristine_git_object: ff9c734c1fee10f903797f9df59c12ce8d7bd255
  internal/cli/agents/list.go:
    id: ef9df2682035
    last_write_checksum: sha1:4589e50e941e9d5a5c051ef878b13f849fc8738e
    pristine_git_object: d5451efe1fc1f936488563432d65e2408462fa42
  internal/cli/agents/resolve.go:
    id: 9613ee51f291
    last_write_checksum: sha1:da5fd55d15133b952f2f8a62990232a95e63057f
    pristine_git_object: dec57382a3b81a79a73ec25dc6077cfc9b8687f4
  internal/cli/agents/root.go:
    id: 212d6c32fb65
    last_write_checksum: sha1:a10197a0c00308f269e20686491d6638baa65236
    pristine_git_object: 15ff20fe2c08b536a33376d0b8b9dda28410add4
  internal/cli/agents/update.go:
    id: 3154a5aa17d2
    last_write_checksum: sha1:1c0572e875f2dd89727da922e2f9741ff6cfae88
    pristine_git_object: 346b10e14ac9309fafd757d3eca453295a552147
  internal/cli/agenttests/getrun.go:
    id: 2919700c1551
    last_write_checksum: sha1:f66e779c532f357b9ffafcf73474890f5efded70
    pristine_git_object: 852ae97a97fefb249f0fd54f157d319d0604e4c2
  internal/cli/agenttests/root.go:
    id: 755e85ad1eb9
    last_write_checksum: sha1:eb9d482d2b41ac6f71680533a75d35d4d628a2da
    pristine_git_object: 907900d4f61a45fab36d7d8ed595864427856756
  internal/cli/agenttests/run.go:
    id: 3b8fba2c06c6
    last_write_checksum: sha1:6c64149cb9486474bdf163fffb49e24662c8174f
    pristine_git_object: 6f32cf9c2b7b4bcdbfdc43678f20a55c94c8d35e
  internal/cli/agenttests/runbatch.go:
    id: 791ab9d0de8a
    last_write_checksum: sha1:d7128f8068671882b89963990e3ab579aa386f42
    pristine_git_object: d5f39f45c127dfcb37dff4ed5d3a603bb380a929
  internal/cli/auth.go:
    id: 5ae1b1dce495
    last_write_checksum: sha1:1b93e46308d366c979e9a679bf5af075d3931408
    pristine_git_object: 11722ad2620f2145bde6417bfdac85ee23bb2a41
  internal/cli/configure.go:
    id: 36d400bc4372
    last_write_checksum: sha1:ef3dbf42c0f055b86a7a077a743591e1513652c6
    pristine_git_object: 713a32ba9404669e8d02c30d99c9da495116ff6d
  internal/cli/masking.go:
    id: dd6ad60ba8bc
    last_write_checksum: sha1:5a69fa055d628c1b8507cd123f3cd18309aa9a53
    pristine_git_object: 50ef7ee485832714bbbc1c86cb50b7bcc8eb92c7
  internal/cli/root.go:
    id: 239d55a0d6be
    last_write_checksum: sha1:62773ff8eec9b9bb0c67d05d8c77861a3c47bac7
    pristine_git_object: 259ace6b7f4d9dfb4655093c5256295820a81d44
  internal/cli/tests/bulkcreate.go:
    id: f4e26b09c8df
    last_write_checksum: sha1:d1d6e75addcf5e55bdac397a8df482b881e0e90d
    pristine_git_object: d25959d15caaaf30b782124694cb5916b9135208
  internal/cli/tests/create.go:
    id: f1a8826df401
    last_write_checksum: sha1:128c410398503e80309fdc0813faf7f7ad808ce6
    pristine_git_object: 4f7e6f0ed9aef6b24b510af08069a6b5534c64d1
  internal/cli/tests/get.go:
    id: 31fcf27944f3
    last_write_checksum: sha1:07d933b6d763b4ef64579866406f35ec5d48ce7c
    pristine_git_object: 1fc8962e4c09d8aebf6039799e4db9464c263738
  internal/cli/tests/list.go:
    id: be18ffd85eac
    last_write_checksum: sha1:f56775199cd5707082bbcf5a834bbfc4b0badc48
    pristine_git_object: 09cd15cb17d9087947f8d98f69d29c43406eaa98
  internal/cli/tests/root.go:
    id: 40ef83c5cff7
    last_write_checksum: sha1:c4409cad76966dd12e7a78179249f0d0d1f7458e
    pristine_git_object: 1cb60fd2ccc514d72a8c9f3a97c3cc6418651831
  internal/cli/tests/update.go:
    id: 04201a79f2ab
    last_write_checksum: sha1:da21ef9bb28cbf8686eec4aec52cf3727e5d3503
    pristine_git_object: 3b7253288f0ea1e109e28d08a822403ef1475090
  internal/cli/version.go:
    id: 7b0665492f72
    last_write_checksum: sha1:9106c4574f30f3cf682d73f6c7694ec5691f9711
    pristine_git_object: 413c1d1f7e88404c12afbb19e6a95fb08d9d0e53
  internal/cli/whoami.go:
    id: c1787f2298ec
    last_write_checksum: sha1:58afb45d777f297af4a64acf26a57c46e1b556db
    pristine_git_object: e8f013542efc36f38dd00d18bf9df39c035c8dd8
  internal/client/client.go:
    id: 5898305eedad
    last_write_checksum: sha1:ae0e241acccab4f8a00c63a6db0f5c855d223a04
    pristine_git_object: 9a5f33b68d9d823efaa356b309ccfe8ba49e6636
  internal/client/diagnostics.go:
    id: b4a77b4f6df9
    last_write_checksum: sha1:b5f811712c4dcf7cb8a3f790a4d1b8af349c8566
    pristine_git_object: 2506f4934a3e5b542acad1b1d860fee533aedda7
  internal/config/config.go:
    id: 4ccc1a5e56a7
    last_write_checksum: sha1:0415cd8a78bd3bd1439a43fbcd1c4823b28ef421
    pristine_git_object: 4f26c069d8e4fb255d7394ff0d5a9ce84713b659
  internal/config/keyring.go:
    id: 61bf1449e290
    last_write_checksum: sha1:26003ef4f52c8734520f8ab8950f3f56a61f16e8
    pristine_git_object: d54bfc80f87672db97d9638d7f8efcc6c220fa78
  internal/explorer/explorer.go:
    id: 544a9bc78db8
    last_write_checksum: sha1:fce74125eb90e8db82b77cc0f0c96d10bc30bfb9
    pristine_git_object: 5ef8f627ea103e8970265e216e4a49945dfd9b06
  internal/explorer/styles.go:
    id: f50091b6a6af
    last_write_checksum: sha1:2828c2efe410bee01a8563e1cf7cc985d4d29ee8
    pristine_git_object: f1124744344d02757ed0a8c87518a714e59cb854
  internal/explorer/tree.go:
    id: 81129f3c3c04
    last_write_checksum: sha1:16dea1c4b16d808202bf0c6f819fb5fba285ade7
    pristine_git_object: c85dee2441a6a8490edc0a5e7fbf33cde92f088e
  internal/explorer/tui.go:
    id: 9bee7d6a891e
    last_write_checksum: sha1:6323b44c3089bf6cab45c7c7df1d862fea349b7c
    pristine_git_object: 7035f3c6dbeb6eb30001ddb1d6d8ba97802183e3
  internal/flagutil/flags.go:
    id: 9e81d6ab2674
    last_write_checksum: sha1:d4a4640b46562ae38fb0d55ec14eee7a7bcc7601
    pristine_git_object: 469b0c9597280df2da7d1bda77c7ea06f9ed132f
  internal/flagutil/metadata.go:
    id: d22ccf2128e9
    last_write_checksum: sha1:6ab853b8ce1af94ba62cb24caad8b381103b9d39
    pristine_git_object: cc3bce2ec19039d7018ef771d8ea907c5df29726
  internal/interactive/interactive.go:
    id: 35e3347980bb
    last_write_checksum: sha1:debe3d573f221c76089003bee147a00a3b221ff6
    pristine_git_object: 4cf2b90db83459349f86f3c5da96ede83ae7a1c0
  internal/output/agentmode.go:
    id: de6b0ed77d1c
    last_write_checksum: sha1:67a4b332f687cbbca439cf84a799c8bc45346116
    pristine_git_object: 46ec60971180fd0d07457b3c5dfab391674e3b6f
  internal/output/color.go:
    id: d240050a2a84
    last_write_checksum: sha1:c618ec769569213c248114c0e42b07582fffefcc
    pristine_git_object: d7c74560e580e33392f0667297d9fd6f5f0cd55e
  internal/output/jq.go:
    id: a0e589d8385d
    last_write_checksum: sha1:37f028aa252cf0ae8b4c90b49396bcddab05c900
    pristine_git_object: 93e700b50ec83246fa1ac65b530c41f89cb0806f
  internal/output/output.go:
    id: a9c3352b3b56
    last_write_checksum: sha1:e20c647cb5c1a86220c59d5e5ce652c2cb29dce2
    pristine_git_object: 8f410b82578a1a5a6e146c7c79fe0c1adf7b9245
  internal/output/pretty.go:
    id: ef4c76789fd4
    last_write_checksum: sha1:3a40fae5d40a578667ba06448419d8f6c5549e20
    pristine_git_object: 942a964e78a81ad9d9590cc67138a0c4c3569fc9
  internal/sdk/.gitattributes:
    id: 1ea4c4e0a39d
    last_write_checksum: sha1:84b0115789fc3ea52e31df701d8a27f76077e29f
    pristine_git_object: e6a994416d0f527912d2d272e2583458f4fc9bcb
  internal/sdk/agents.go:
    id: 6877a89a77cc
    last_write_checksum: sha1:f9b3286f4b5581bf69338bc19df8b63a786e8b78
    pristine_git_object: 401f74bb832ce8c81a57ffb501ce7361fb3511fd
  internal/sdk/agenttests.go:
    id: 8f3c8303640f
    last_write_checksum: sha1:372fef30abadeaf44b3d1270a2e8d266a1d50b17
    pristine_git_object: 7eaf840f54098c4f770209d1c783e206895feec1
  internal/sdk/models/components/agentcreate.go:
    id: a6edf6193d4b
    last_write_checksum: sha1:7f1a83a819039ab6b3c983d996756909b45aa9ab
    pristine_git_object: 5c81ed09d2f6782f3aa2c151c6f60bbbb9e70c1d
  internal/sdk/models/components/agentcreateresponse.go:
    id: a3ba61e5a481
    last_write_checksum: sha1:df7d2e251d5171adb29045b59fea909c07ad2f39
    pristine_git_object: 23bb9a73b01ef8ee7d58fe4f83b176d69f90e347
  internal/sdk/models/components/agenttestruncreateresponse.go:
    id: 40b27e0977c0
    last_write_checksum: sha1:1e5b928f604eea18bffeb8d8f8151ee6c05c8b72
    pristine_git_object: 394d9a1b9244bf8270c47acaccaf8083fa06255a
  internal/sdk/models/components/agentupdate.go:
    id: fab8f64fedc2
    last_write_checksum: sha1:4aeb3b3a102ba9a7d9a1764d162f0456cb87d994
    pristine_git_object: 613d72188d83290f4a79aa095a3491a0c258d04a
  internal/sdk/models/components/batchrunrequest.go:
    id: 6c5a8455bc86
    last_write_checksum: sha1:9c04f51573605900eaff356255583741b0875ed6
    pristine_git_object: b42000090545594b00101d6b027a53cca4a94f7f
  internal/sdk/models/components/batchtestrun.go:
    id: 55595317161d
    last_write_checksum: sha1:84d10458f1a0bc690c2270ead67793800f238c52
    pristine_git_object: 3a435f51ecaf2597d0497cab826fd7f886e6c549
  internal/sdk/models/components/batchtestrunresponse.go:
    id: 98cac8d2a3b7
    last_write_checksum: sha1:01451452261f0587f23914a4c85d894151338c99
    pristine_git_object: 2176d06975f19452d677831918127601ac8f6319
  internal/sdk/models/components/batchtestskip.go:
    id: bc71453d59bc
    last_write_checksum: sha1:c8f19fde2cd5fe2d296e0679eb0a50645fa6cd13
    pristine_git_object: ccab62f3646ea6e2ab28c6c76fd44cd879777af2
  internal/sdk/models/components/bulktestitem.go:
    id: 7d8cd92e7356
    last_write_checksum: sha1:2b838ee934e4e6aa3cdac30529ead9b2a4b6a5e6
    pristine_git_object: db8574d31c634e59561a75ed382f6c52d165d2e4
  internal/sdk/models/components/bulktestupload.go:
    id: 2f994b229fd4
    last_write_checksum: sha1:d8b24fd3446f9e6eb846a5d2cf7fb46ef7964b02
    pristine_git_object: 676639acdbb3eea1b1caa40a66ead114de82e755
  internal/sdk/models/components/bulktestuploadresponse.go:
    id: b278f548bfa3
    last_write_checksum: sha1:3996bae0de906155e972edaf1c561adeb7a2fd35
    pristine_git_object: 7ea0842dae1b58cd68fc27581fc421c46292ca5e
  internal/sdk/models/components/chatmessage.go:
    id: 06a1e72e3f1f
    last_write_checksum: sha1:d73a66b63d4728eeb5d1f0e03cd8c8f9ca57a78b
    pristine_git_object: 1cf1502ee236e61b4842c39acd71d506ddcc6738
  internal/sdk/models/components/expectedtoolcall.go:
    id: 83f60dcd5583
    last_write_checksum: sha1:63b7eb7ae8866c351b85b0d2451d22975e8dad38
    pristine_git_object: b69a5a9fb2617fd97930ca2ed81371956f4df791
  internal/sdk/models/components/httpmetadata.go:
    id: 2e30cdb779b3
    last_write_checksum: sha1:01a20fcff33179809ff9920ee431c7adabbd98f1
    pristine_git_object: 148ec47fb2dea6c188ec68eb3532d93169608168
  internal/sdk/models/components/judgeresult.go:
    id: deee11f86107
    last_write_checksum: sha1:e1e87c4dd801fecac0b5a6536f2758f6294d87ff
    pristine_git_object: 25d262af96f4da195f43bc9dbc5a90d535abd085
  internal/sdk/models/components/resolveagentnamesrequest.go:
    id: 731107d3df75
    last_write_checksum: sha1:2ae7e38ec2488ad143f8ac1a7fba7223bdb96ce3
    pristine_git_object: b421d4b32cae613bbb32040adf4aef22bd7df2ca
  internal/sdk/models/components/resolveagentnamesresponse.go:
    id: 58aa419feb6e
    last_write_checksum: sha1:d96042c4f3d5c0ea0bcef8c4d5d73002cab41d64
    pristine_git_object: bf387c74a9b8e8165cec4c09490cce42a5061724
  internal/sdk/models/components/routersagentsagentresponse.go:
    id: 2b8640064564
    last_write_checksum: sha1:7d5e90cd9ce6ce685234a814f49748cc09c2a6c3
    pristine_git_object: f6b1bb5b7e68626af86541e790ad6622deabd279
  internal/sdk/models/components/routerstestsevaluatorref.go:
    id: 9f2e620171b7
    last_write_checksum: sha1:f72ba30e05ac7d525670304d78ab346b66424125
    pristine_git_object: cb64321ccf2d99a58e085b67d60a476151012c46
  internal/sdk/models/components/routersteststestresponse.go:
    id: 5b2f221ebe85
    last_write_checksum: sha1:6d59902faab761bc66049c8bf3a057f3171980bc
    pristine_git_object: a238eac84fcb33c69387064492af9158c554c867
  internal/sdk/models/components/runtestrequest.go:
    id: 13f782807601
    last_write_checksum: sha1:f6b2020cce5a38fdb8ae3c4324f0a11744851aa8
    pristine_git_object: 87aadbd26d8e1a9ac23d47d87a15f878dd6d226f
  internal/sdk/models/components/security.go:
    id: c1a78fe12ea5
    last_write_checksum: sha1:a95411b210cb5abb1372e0c389ad56127ffc5c8a
    pristine_git_object: 69ec80051ae748c0a116dbe807df8d266afd67b2
  internal/sdk/models/components/taskstatus.go:
    id: 49e320ff0b02
    last_write_checksum: sha1:cece4bfeb2fb85698a91fef3a5ca645a893d7bea
    pristine_git_object: 374b9b8cb84ad8a6191ab3961288dada608d0553
  internal/sdk/models/components/testcaseresult.go:
    id: aae0e621c85a
    last_write_checksum: sha1:866efcc090a951c4df81344d98233d5fdfed888f
    pristine_git_object: 07e2c42f65959f057c9682adeb7458edaee12e64
  internal/sdk/models/components/testcreate.go:
    id: 19e3a355e1c4
    last_write_checksum: sha1:12629651cc3139055a2b7bf655db352a1ed34161
    pristine_git_object: f77a8114aa37a63d16136e7b6ff2a0948ac40ada
  internal/sdk/models/components/testcreateresponse.go:
    id: 09ec06b3fc24
    last_write_checksum: sha1:2a25b8f6425f6e1b2a7947c4567dd3641a760628
    pristine_git_object: a6b521e0805cce774659824057888e30636c8856
  internal/sdk/models/components/testoutput.go:
    id: e44756622656
    last_write_checksum: sha1:d87f5827066ad2726c71a057d4083734eaa3d197
    pristine_git_object: 6dd9d339b2feb9c9c67a949543186a45090e9949
  internal/sdk/models/components/testrunevaluator.go:
    id: 34944b06b273
    last_write_checksum: sha1:8f0b79b87dbc36cef59cb2ffa3f46af9d57858ae
    pristine_git_object: 5f7061cc00c98eb5551a554833af4b518fb7b9d3
  internal/sdk/models/components/testrunstatusresponse.go:
    id: a9fd5f229c52
    last_write_checksum: sha1:d5116469a2492592c36b023bd0c0ead63a0deac0
    pristine_git_object: 4dc05db9d99477f7aec2c261a4d255212ff24737
  internal/sdk/models/components/testupdate.go:
    id: 8692d1d8a0f6
    last_write_checksum: sha1:1a8a8e901853c28e7d40bbef279c9ab017d36369
    pristine_git_object: 50efabd3497c4a9143503259d245fda1e9aa60fe
  internal/sdk/models/components/toolcalloutput.go:
    id: 9bd70f6b1910
    last_write_checksum: sha1:f4733c2982012196b291b5d5ede888191f02606c
    pristine_git_object: f6d64e5e0a2e0cd10f75a061d8749e5f956133b6
  internal/sdk/models/components/validationerror.go:
    id: d0d0928998bf
    last_write_checksum: sha1:ee9faa8232c539f2c0f84477153981872a8c003a
    pristine_git_object: b792274f46aed66e7866f90965cf3c476a682c30
  internal/sdk/models/operations/bulkuploadteststestsbulkpost.go:
    id: 116b34064548
    last_write_checksum: sha1:874931300aa8f2868f67ec3932316c244c2caaf3
    pristine_git_object: 68fe5a64df202ce9d23ebc99a9b356b994137540
  internal/sdk/models/operations/createagentendpointagentspost.go:
    id: 8966c25b39e9
    last_write_checksum: sha1:76e54a24775e49f5609f16fcde44ebedfe51a6a5
    pristine_git_object: 0cde92f3114ce50f68b13b108b51edfe89e2689a
  internal/sdk/models/operations/createtestendpointtestspost.go:
    id: 3295b1addb42
    last_write_checksum: sha1:52a0b3fc659135563feca6f71b7083fa0d7090e5
    pristine_git_object: a24b25c209dc5898d5e29da5984359bc4dd47e3b
  internal/sdk/models/operations/getagentendpointagentsagentuuidget.go:
    id: e191e2d6144f
    last_write_checksum: sha1:d1b2eb46409659e8e5965cb4bdf832c89627f5ea
    pristine_git_object: dedf7bccd6cfb9359a3f22ce21a060e49f17a8eb
  internal/sdk/models/operations/getagenttestrunstatusagenttestsruntaskidget.go:
    id: ab41bf5f7cdd
    last_write_checksum: sha1:8cc746b7432f85e0ec155bbab9ded3f8c597bc41
    pristine_git_object: 7f5d601902e08761039d274485595d4a26196ed3
  internal/sdk/models/operations/gettestendpointteststestuuidget.go:
    id: 30ddbc977ded
    last_write_checksum: sha1:62c3b22329e1f408507ffe687cd21a7bff55d029
    pristine_git_object: 53e794a6f278adc306b5f777423d8fe02c90825c
  internal/sdk/models/operations/listagentsagentsget.go:
    id: 8951a1240cec
    last_write_checksum: sha1:cbd16fc3bd646b2220015761af6cf963a132e37a
    pristine_git_object: a7be5d529df63af761076e322a3dfcbe32404879
  internal/sdk/models/operations/listteststestsget.go:
    id: a94ab5c5d3d4
    last_write_checksum: sha1:7fe0d82c94b0eafe877cce4b1c59a439fdc7fb79
    pristine_git_object: 478ef734fccdaf487c1897c184dde8d3761a00c4
  internal/sdk/models/operations/options.go:
    id: 6d0d29414e00
    last_write_checksum: sha1:984a2dc75741f69de55083348d357a1adaf4591d
    pristine_git_object: 30ed8d57ffa9bc05bf1285613682513157f852fa
  internal/sdk/models/operations/resolveagentnamesagentsresolvepost.go:
    id: baf07180305d
    last_write_checksum: sha1:1659ec9a0f06f1f062725ba6e345f1f491419bf5
    pristine_git_object: 1687123ffe9f69ebfbcca82cd99d2ac3d28b85a7
  internal/sdk/models/operations/runagenttestagenttestsagentagentuuidrunpost.go:
    id: 80a5ae8bf0df
    last_write_checksum: sha1:59e2ef714548c53e0ff77119a69e6f6164c3a3cb
    pristine_git_object: 5784f5c641e0f2efbef3349dd2b8a74e8263c840
  internal/sdk/models/operations/runtestsbatchagenttestsrunpost.go:
    id: 9d984dbc7e36
    last_write_checksum: sha1:9543d1d9df011407ca34cd2731849d461ba4b650
    pristine_git_object: bf77b1295eaea0798f47b67a2a6f07ed986654e7
  internal/sdk/models/operations/updateagentendpointagentsagentuuidput.go:
    id: 0c0600b79a86
    last_write_checksum: sha1:c41f0d93e71a4bbf85d74391e2644b40a53453cb
    pristine_git_object: fba4469cf8f660a67cc071312c0d80d91872c278
  internal/sdk/models/operations/updatetestendpointteststestuuidput.go:
    id: b3cad0b793a2
    last_write_checksum: sha1:75005cdf07acc18df6c68ca5b42da41b3b68f329
    pristine_git_object: 6d20dac102370b24fedb610794615005683b6521
  internal/sdk/models/sdkerrors/httpvalidationerror.go:
    id: 14843e61a5ba
    last_write_checksum: sha1:72d38f4d02762ee66c9ca532f44026fad30d37ab
    pristine_git_object: 215ab33e9fa021ec307f8ad9f80f807bda3980de
  internal/sdk/models/sdkerrors/sdkdefaulterror.go:
    id: 78e4ee2e2586
    last_write_checksum: sha1:437b3a3eacb54d8648a68f80b3cd38fa5019f006
    pristine_git_object: 29ad145394a59846a19bcb95c3f4cb4e0d5ba373
  internal/sdk/optionalnullable/optionalnullable.go:
    id: 4b83aa3f3df3
    last_write_checksum: sha1:d6aff1a420c31e025ea21d46cf056e305ae76fe8
    pristine_git_object: c6739be0619b6726565e0f11855ffe44b0e5607e
  internal/sdk/optionalnullable/optionalnullable_test.go:
    id: 3920a41dfc4c
    last_write_checksum: sha1:2e9433eff1651ac77d6678ea76880d9a4980cbc2
    pristine_git_object: e6e5a01c6e721e879e24a38a1f97e3e27d4686d4
  internal/sdk/retry/config.go:
    id: 7ea5fa9128b6
    last_write_checksum: sha1:102d1953fbd7e9f312c4442c71ccca2eaaeaa27d
    pristine_git_object: 767002c7898128324d8741ce9c534bd466492169
  internal/sdk/sdk.go:
    id: 02d7190ee502
    last_write_checksum: sha1:dcaaaf6f015ff060fe377063dfa70fbe91ab852a
    pristine_git_object: 0f4eae21884b34a9ab5aa8b306831f648563d59d
  internal/sdk/sdkinternal/config/sdkconfiguration.go:
    id: f175ab9b0273
    last_write_checksum: sha1:612db473124f006ac2ff63a05b3e20ebbfb718c7
    pristine_git_object: 8a722759fda1c2e8f699c38fbcf9e1bfb2654f81
  internal/sdk/sdkinternal/hooks/hooks.go:
    id: 0cdbe7360fd5
    last_write_checksum: sha1:69eaf7e8b12e0fade8e9e90f6650dbbb04422801
    pristine_git_object: bfbbcb6b29a04b270bd8671fbc13ce03e17403b0
  internal/sdk/sdkinternal/utils/contenttype.go:
    id: ad544f05ded3
    last_write_checksum: sha1:ab5cfd860d02c6e6a37f89e2b5649a9859947fb1
    pristine_git_object: f6487e01eb987c0aa49e7aa50b5ff24830314c63
  internal/sdk/sdkinternal/utils/env.go:
    id: 53fb5707bfee
    last_write_checksum: sha1:1e0bcb2d2caed9f3657f1dbc99b55811bed0298c
    pristine_git_object: 110d464eacf2387b347bad1cb903666354a339e9
  internal/sdk/sdkinternal/utils/form.go:
    id: d685469eb548
    last_write_checksum: sha1:83eb717694be5f42b8c21271234f4fb807f0f5f6
    pristine_git_object: 4a4f3bf99fb4e5d6ef2155fd29eecfb902dd7bbf
  internal/sdk/sdkinternal/utils/headers.go:
    id: 8688b3dd5618
    last_write_checksum: sha1:f1819f3685546c190e3a2ee51beb53c3f2d65634
    pristine_git_object: 0b4a271be5b2b069a1d530cdfd4a95bce90009b7
  internal/sdk/sdkinternal/utils/json.go:
    id: 3204a301ca6d
    last_write_checksum: sha1:e029a8169ec3c7e09cf0f626562e3a53e4874ab5
    pristine_git_object: fc4a38f72df3c78341867c070b8756639989bc07
  internal/sdk/sdkinternal/utils/pathparams.go:
    id: 9fe9b40a3c1c
    last_write_checksum: sha1:540b8e143688eed8125096590551559edd42f01c
    pristine_git_object: 44be0e50146a150ffda33fc028eee39955de6bee
  internal/sdk/sdkinternal/utils/queryparams.go:
    id: beaa4ae6c0a4
    last_write_checksum: sha1:74d1ccb0e9ab181c816d2d06a9c2b0dd5806750b
    pristine_git_object: 7a1d2a0d32741cd76f90a4bab0ad9d8385cc15ba
  internal/sdk/sdkinternal/utils/requestbody.go:
    id: d0da812b8a0b
    last_write_checksum: sha1:8194cc50b06e866dfa7b03e21217131070a435af
    pristine_git_object: 123300bec509886e80dd84092d2d9297d091458a
  internal/sdk/sdkinternal/utils/retries.go:
    id: 95ebeea8a512
    last_write_checksum: sha1:9a6d33b0c2c9ac7d1c923931f32f107a7dcd9632
    pristine_git_object: 1f5fa3de24605f2fde423ae253e6a21ac3f41811
  internal/sdk/sdkinternal/utils/security.go:
    id: 3c39d5f860f3
    last_write_checksum: sha1:49fee4e9252239953611e6de36f4682851499ab5
    pristine_git_object: a2332ee8de013a2121880e4b7be332d3385c6f41
  internal/sdk/sdkinternal/utils/union.go:
    id: ec0c94b40a7d
    last_write_checksum: sha1:29e1eb0a2494df51d8719bf309eb193358960cbc
    pristine_git_object: 2eabf38687e8c73a891472e357f9fd71f8196788
  internal/sdk/sdkinternal/utils/union_test.go:
    id: 79cdd83fbae3
    last_write_checksum: sha1:bd5c7506e1d6238117c1ac4e340314a5a41401b5
    pristine_git_object: 138f7e2a066b10dffd0a9957ecfcab9e00dd26fe
  internal/sdk/sdkinternal/utils/utils.go:
    id: f79aa64cde4d
    last_write_checksum: sha1:c03378176a107205b8938606faef3fd8fb8f91a0
    pristine_git_object: a614e37673d3ea81eabc6139236edfb22a15dc55
  internal/sdk/tests.go:
    id: 783588dc58bd
    last_write_checksum: sha1:dee37054551c835ca8478698ba017d9a9c507c93
    pristine_git_object: b412d140936a913d2a148b00f4cd6c6ec84a8f90
  internal/sdk/types/bigint.go:
    id: fc530b70337e
    last_write_checksum: sha1:49b004005d0461fb04b846eca062b070b0360b31
    pristine_git_object: 9c6a086d51595888a6ff787ebcb8693559afee95
  internal/sdk/types/date.go:
    id: c4bff082c66f
    last_write_checksum: sha1:3036a2e1ed15a1d484c093367eba000c38f384d0
    pristine_git_object: 5b2782f219efe6bfbce46fc2dec68998eb759438
  internal/sdk/types/datetime.go:
    id: a8109857c712
    last_write_checksum: sha1:196d050af6450669214e9ae4fd28e56263ae2b5d
    pristine_git_object: 3eff332daa04e34cec5ffb10add670bafd8ac454
  internal/sdk/types/pointers.go:
    id: 2f3f971639f6
    last_write_checksum: sha1:fc2275ea006257ba9ba4ff6f2a2cdb6205371eef
    pristine_git_object: 35c439d2661e08fcb6a854096fd7b9a8561b3938
  internal/testclient/testclient.go:
    id: 20fc511b8b00
    last_write_checksum: sha1:7107e59d336235c44af152c5a61ee3896a7841fa
    pristine_git_object: 159a87ec97aba99e4edd132f69652e123434303e
  internal/usage/schema.go:
    id: 0f40f4612437
    last_write_checksum: sha1:cf3a6b93d9232b091785bc8ed34f176290f775f2
    pristine_git_object: a4cd6b5812ece4a26de6467b0d11ec7b1ea6c4ab
  scripts/install.ps1:
    id: fee0853709e9
    last_write_checksum: sha1:d8884365d7cfb218aac394e16a7d214a6f56b585
    pristine_git_object: 289f39ce3cbf0193783040800de09414574891ba
  scripts/install.sh:
    id: 1f022802374d
    last_write_checksum: sha1:251481e4c99a942214bc0f54845f9bed07f9623f
    pristine_git_object: 7dd44a2e38196c733af7b411f20f6c3a05fa66ad
examples:
  resolve_agent_names_agents_resolve_post:
    speakeasy-default-resolve-agent-names-agents-resolve-post:
      requestBody:
        application/json: {"names": ["my-agent", "support-bot"]}
      responses:
        "200":
          application/json: {"resolved": {}, "not_found": ["<value 1>"]}
        "422":
          application/json: {}
  create_agent_endpoint_agents_post:
    speakeasy-default-create-agent-endpoint-agents-post:
      requestBody:
        application/json: {"name": "<value>", "type": "agent"}
      responses:
        "200":
          application/json: {"uuid": "f47ac10b-58cc-4372-a567-0e02b2c3d479", "message": "<value>"}
        "422":
          application/json: {}
  list_agents_agents_get:
    speakeasy-default-list-agents-agents-get:
      responses:
        "200":
          application/json: [{"uuid": "f47ac10b-58cc-4372-a567-0e02b2c3d479", "name": "<value>", "type": "agent", "created_at": "1718301044626", "updated_at": "1735656722386"}]
        "422":
          application/json: {}
  get_agent_endpoint_agents__agent_uuid__get:
    speakeasy-default-get-agent-endpoint-agents-agent-uuid-get:
      parameters:
        path:
          agent_uuid: "f47ac10b-58cc-4372-a567-0e02b2c3d479"
      responses:
        "200":
          application/json: {"uuid": "f47ac10b-58cc-4372-a567-0e02b2c3d479", "name": "<value>", "type": "agent", "created_at": "1723757055651", "updated_at": "1735668309123"}
        "422":
          application/json: {}
  update_agent_endpoint_agents__agent_uuid__put:
    speakeasy-default-update-agent-endpoint-agents-agent-uuid-put:
      parameters:
        path:
          agent_uuid: "f47ac10b-58cc-4372-a567-0e02b2c3d479"
      requestBody:
        application/json: {}
      responses:
        "200":
          application/json: {"uuid": "f47ac10b-58cc-4372-a567-0e02b2c3d479", "name": "<value>", "type": "agent", "created_at": "1714932490490", "updated_at": "1735627716872"}
        "422":
          application/json: {}
  bulk_upload_tests_tests_bulk_post:
    speakeasy-default-bulk-upload-tests-tests-bulk-post:
      requestBody:
        application/json: {"type": "tool_call", "tests": [{"name": "<value>", "conversation_history": [{"role": "tool"}], "evaluators": [{"evaluator_uuid": "f47ac10b-58cc-4372-a567-0e02b2c3d479"}]}], "agent_uuids": ["a3b2c1d0-e5f4-3210-abcd-ef1234567890"]}
      responses:
        "200":
          application/json: {"uuids": ["b1c2d3e4-f5a6-7890-bcde-f12345678901"], "count": 959742, "message": "<value>"}
        "422":
          application/json: {}
  create_test_endpoint_tests_post:
    speakeasy-default-create-test-endpoint-tests-post:
      requestBody:
        application/json: {"name": "<value>", "type": "tool_call", "evaluators": [{"evaluator_uuid": "f47ac10b-58cc-4372-a567-0e02b2c3d479"}]}
      responses:
        "200":
          application/json: {"uuid": "b1c2d3e4-f5a6-7890-bcde-f12345678901", "message": "<value>"}
        "422":
          application/json: {}
  list_tests_tests_get:
    speakeasy-default-list-tests-tests-get:
      responses:
        "200":
          application/json: [{"uuid": "b1c2d3e4-f5a6-7890-bcde-f12345678901", "name": "<value>", "type": "conversation", "created_at": "1730742516504", "updated_at": "1735612329420"}]
        "422":
          application/json: {}
  get_test_endpoint_tests__test_uuid__get:
    speakeasy-default-get-test-endpoint-tests-test-uuid-get:
      parameters:
        path:
          test_uuid: "b1c2d3e4-f5a6-7890-bcde-f12345678901"
      responses:
        "200":
          application/json: {"uuid": "b1c2d3e4-f5a6-7890-bcde-f12345678901", "name": "<value>", "type": "response", "created_at": "1708923859082", "updated_at": "1735654269440"}
        "422":
          application/json: {}
  update_test_endpoint_tests__test_uuid__put:
    speakeasy-default-update-test-endpoint-tests-test-uuid-put:
      parameters:
        path:
          test_uuid: "b1c2d3e4-f5a6-7890-bcde-f12345678901"
      requestBody:
        application/json: {"evaluators": [{"evaluator_uuid": "f47ac10b-58cc-4372-a567-0e02b2c3d479"}]}
      responses:
        "200":
          application/json: {"uuid": "b1c2d3e4-f5a6-7890-bcde-f12345678901", "name": "<value>", "type": "conversation", "created_at": "1710980660156", "updated_at": "1735686572308"}
        "422":
          application/json: {}
  run_agent_test_agent_tests_agent__agent_uuid__run_post:
    speakeasy-default-run-agent-test-agent-tests-agent-agent-uuid-run-post:
      parameters:
        path:
          agent_uuid: "f47ac10b-58cc-4372-a567-0e02b2c3d479"
      requestBody:
        application/json: {"test_uuids": ["b1c2d3e4-f5a6-7890-bcde-f12345678901"]}
      responses:
        "200":
          application/json: {"task_id": "a3b2c1d0-e5f4-3210-abcd-ef1234567890", "status": "queued"}
        "422":
          application/json: {}
  run_tests_batch_agent_tests_run_post:
    speakeasy-default-run-tests-batch-agent-tests-run-post:
      requestBody:
        application/json: {"agent_names": ["my-agent", "support-bot"]}
      responses:
        "200":
          application/json: {"runs": [], "skipped": [{"agent_name": "<value>", "agent_uuid": "f47ac10b-58cc-4372-a567-0e02b2c3d479", "reason": "<value>"}]}
        "422":
          application/json: {}
  get_agent_test_run_status_agent_tests_run__task_id__get:
    speakeasy-default-get-agent-test-run-status-agent-tests-run-task-id-get:
      parameters:
        path:
          task_id: "a3b2c1d0-e5f4-3210-abcd-ef1234567890"
      responses:
        "200":
          application/json: {"task_id": "a3b2c1d0-e5f4-3210-abcd-ef1234567890", "status": "in_progress", "error": false, "is_public": false}
        "422":
          application/json: {}
examplesVersion: 1.0.2
